
Microsoft Visual Studio Solution File, Format Version 12.00
# Visual Studio 2012
Project("{FAE04EC0-301F-11D3-BF4B-00C04F79EFBC}") = "CES", "CES\CES.csproj", "{5B62D9C7-6619-4369-BCA3-37CF9611C85D}"
EndProject
Global
	GlobalSection(SolutionConfigurationPlatforms) = preSolution
		Debug|Any CPU = Debug|Any CPU
		Debug|x64 = Debug|x64
		Release|Any CPU = Release|Any CPU
		Release|x64 = Release|x64
	EndGlobalSection
	GlobalSection(ProjectConfigurationPlatforms) = postSolution
		{5B62D9C7-6619-4369-BCA3-37CF9611C85D}.Debug|Any CPU.ActiveCfg = Debug|Any CPU
		{5B62D9C7-6619-4369-BCA3-37CF9611C85D}.Debug|Any CPU.Build.0 = Debug|Any CPU
		{5B62D9C7-6619-4369-BCA3-37CF9611C85D}.Debug|x64.ActiveCfg = Debug|x64
		{5B62D9C7-6619-4369-BCA3-37CF9611C85D}.Debug|x64.Build.0 = Debug|x64
		{5B62D9C7-6619-4369-BCA3-37CF9611C85D}.Release|Any CPU.ActiveCfg = Release|Any CPU
		{5B62D9C7-6619-4369-BCA3-37CF9611C85D}.Release|Any CPU.Build.0 = Release|Any CPU
		{5B62D9C7-6619-4369-BCA3-37CF9611C85D}.Release|x64.ActiveCfg = Release|x64
		{5B62D9C7-6619-4369-BCA3-37CF9611C85D}.Release|x64.Build.0 = Release|x64
	EndGlobalSection
	GlobalSection(SolutionProperties) = preSolution
		HideSolutionNode = FALSE
	EndGlobalSection
EndGlobal
